github.com/zhangdapeng520/zdpgo_log v1.3.4 h1:hHB+ELh0zaBe5NLyASTDZ1qFnpkiFcOM582Phen1B7w=
github.com/zhangdapeng520/zdpgo_log v1.3.4/go.mod h1:Qnr8tZCpmDWqRfJpw0r5ClUNqdOJwLNXIyXA2IGXv6k=
github.com/zhangdapeng520/zdpgo_test v0.1.2 h1:OYEG43Bpw6QxEOc8X0kiD2QrMKO06GqDeGb8zut7F0A=
github.com/zhangdapeng520/zdpgo_test v0.1.2/go.mod h1:FZsHO6yLLfm0LQ745hwaGX2t/ifZ0i6/RTQw4Raj24k=
